
Microsoft Visual Studio Solution File, Format Version 12.00
# Visual Studio Version 17
VisualStudioVersion = 17.11.35219.272
MinimumVisualStudioVersion = 10.0.40219.1
Project("{9A19103F-16F7-4668-BE54-9A1E7A4F7556}") = "SAI-OT_Apps.Server", "SAI-OT_Apps.Server\SAI-OT_Apps.Server.csproj", "{241EFAA8-5B30-4B19-80FD-C1D4A57E470A}"
EndProject
Project("{2150E333-8FDC-42A3-9474-1A3956D46DE8}") = "Itens de Solução", "Itens de Solução", "{35816CDA-B468-4842-B2F0-37C6F5473A6B}"
EndProject
Global
	GlobalSection(SolutionConfigurationPlatforms) = preSolution
		Debug|Any CPU = Debug|Any CPU
		Release|Any CPU = Release|Any CPU
	EndGlobalSection
	GlobalSection(ProjectConfigurationPlatforms) = postSolution
		{241EFAA8-5B30-4B19-80FD-C1D4A57E470A}.Debug|Any CPU.ActiveCfg = Debug|Any CPU
		{241EFAA8-5B30-4B19-80FD-C1D4A57E470A}.Debug|Any CPU.Build.0 = Debug|Any CPU
		{241EFAA8-5B30-4B19-80FD-C1D4A57E470A}.Release|Any CPU.ActiveCfg = Release|Any CPU
		{241EFAA8-5B30-4B19-80FD-C1D4A57E470A}.Release|Any CPU.Build.0 = Release|Any CPU
	EndGlobalSection
	GlobalSection(SolutionProperties) = preSolution
		HideSolutionNode = FALSE
	EndGlobalSection
	GlobalSection(ExtensibilityGlobals) = postSolution
		SolutionGuid = {09635A61-0B2C-45C6-8D4F-875FFFC42124}
	EndGlobalSection
EndGlobal
